<?xml version="1.0" encoding="utf-8"?>
<Project ToolsVersion="4.0" xmlns="http://schemas.microsoft.com/developer/msbuild/2003">
  <ItemGroup>
    <Filter Include="Source Files">
      <UniqueIdentifier>{4FC737F1-C7A5-4376-A066-2A32D752A2FF}</UniqueIdentifier>
      <Extensions>cpp;c;cc;cxx;c++;cppm;ixx;def;odl;idl;hpj;bat;asm;asmx</Extensions>
    </Filter>
    <Filter Include="Header Files">
      <UniqueIdentifier>{93995380-89BD-4b04-88EB-625FBE52EBFB}</UniqueIdentifier>
      <Extensions>h;hh;hpp;hxx;h++;hm;inl;inc;ipp;xsd</Extensions>
    </Filter>
    <Filter Include="Resource Files">
      <UniqueIdentifier>{67DA6AB6-F800-4c08-8B7A-83BB121AAD01}</UniqueIdentifier>
      <Extensions>rc;ico;cur;bmp;dlg;rc2;rct;bin;rgs;gif;jpg;jpeg;jpe;resx;tiff;tif;png;wav;mfcribbon-ms</Extensions>
    </Filter>
    <Filter Include="Header Files\ADTS">
      <UniqueIdentifier>{c323f791-ed7f-499a-a8a3-12fdc6bc71b6}</UniqueIdentifier>
    </Filter>
    <Filter Include="Header Files\Processors">
      <UniqueIdentifier>{6f51fd22-e9cf-44c4-9672-37bbc2cfafb2}</UniqueIdentifier>
    </Filter>
    <Filter Include="Header Files\Managers">
      <UniqueIdentifier>{f3f73e6b-cd3c-4bf4-8c09-f1b91b707630}</UniqueIdentifier>
    </Filter>
  </ItemGroup>
  <ItemGroup>
    <ClCompile Include="DS PROJECT.cpp">
      <Filter>Source Files</Filter>
    </ClCompile>
    <ClCompile Include="Processor.cpp">
      <Filter>Header Files\Processors</Filter>
    </ClCompile>
    <ClCompile Include="Process.cpp">
      <Filter>Header Files\Processors</Filter>
    </ClCompile>
    <ClCompile Include="RRProcessor.cpp">
      <Filter>Header Files\Processors</Filter>
    </ClCompile>
    <ClCompile Include="SJFProcessor.cpp">
      <Filter>Header Files\Processors</Filter>
    </ClCompile>
    <ClCompile Include="FCSFProcessor.cpp">
      <Filter>Header Files\Processors</Filter>
    </ClCompile>
    <ClCompile Include="Scheduler.cpp">
      <Filter>Header Files\Managers</Filter>
    </ClCompile>
  </ItemGroup>
  <ItemGroup>
    <ClInclude Include="Node.h">
      <Filter>Header Files\ADTS</Filter>
    </ClInclude>
    <ClInclude Include="LinkedList.h">
      <Filter>Header Files\ADTS</Filter>
    </ClInclude>
    <ClInclude Include="QueueADT.h">
      <Filter>Header Files\ADTS</Filter>
    </ClInclude>
    <ClInclude Include="LinkedQueue.h">
      <Filter>Header Files\ADTS</Filter>
    </ClInclude>
    <ClInclude Include="Pair.h">
      <Filter>Header Files\ADTS</Filter>
    </ClInclude>
    <ClInclude Include="PriorityQueue.h">
      <Filter>Header Files\ADTS</Filter>
    </ClInclude>
    <ClInclude Include="Processor.h">
      <Filter>Header Files\Processors</Filter>
    </ClInclude>
    <ClInclude Include="Process.h">
      <Filter>Header Files\Processors</Filter>
    </ClInclude>
    <ClInclude Include="FCSFProcessor.h">
      <Filter>Header Files\Processors</Filter>
    </ClInclude>
    <ClInclude Include="RRProcessor.h">
      <Filter>Header Files\Processors</Filter>
    </ClInclude>
    <ClInclude Include="SJFProcessor.h">
      <Filter>Header Files\Processors</Filter>
    </ClInclude>
    <ClInclude Include="Scheduler.h">
      <Filter>Header Files\Managers</Filter>
    </ClInclude>
  </ItemGroup>
</Project>